<Solution>
  <Folder Name="/src/">
    <Project Path="src/RiotAccounts.App/RiotAccounts.App.csproj" />
    <Project Path="src/RiotAccounts.Core/RiotAccounts.Core.csproj" />
  </Folder>
  <Folder Name="/tests/">
    <Project Path="tests/RiotAccounts.Core.Tests/RiotAccounts.Core.Tests.csproj" />
  </Folder>
</Solution>
